
Microsoft Visual Studio Solution File, Format Version 12.00
Project("{FAE04EC0-301F-11D3-BF4B-00C04F79EFBC}") = "Server", "Server\Server.csproj", "{8B22AC49-1202-4C88-9785-E5B9FF9FD61A}"
EndProject
Project("{FAE04EC0-301F-11D3-BF4B-00C04F79EFBC}") = "Grain", "Grain\Grain.csproj", "{A8D5929A-DFCB-4894-AE87-D602B370ECB2}"
EndProject
Project("{FAE04EC0-301F-11D3-BF4B-00C04F79EFBC}") = "Core", "Core\Core.csproj", "{74533031-7942-4E0E-B492-53D378D9574A}"
EndProject
Project("{2150E333-8FDC-42A3-9474-1A3956D46DE8}") = "00. Core", "00. Core", "{8FF5BED0-FFBA-406B-BCAC-3C06159C3333}"
EndProject
Project("{2150E333-8FDC-42A3-9474-1A3956D46DE8}") = "01. Game Server", "01. Game Server", "{EF7476D6-E5ED-47DF-8363-F41B9C3E9D18}"
EndProject
Project("{2150E333-8FDC-42A3-9474-1A3956D46DE8}") = "99. Test", "99. Test", "{96D4A72A-3FB9-425D-8DCD-FB5DEB628CB7}"
EndProject
Project("{FAE04EC0-301F-11D3-BF4B-00C04F79EFBC}") = "UnitTests", "UnitTests\UnitTests.csproj", "{69504DE8-3DBB-4CB0-AF69-E60DFA85149F}"
EndProject
Project("{2150E333-8FDC-42A3-9474-1A3956D46DE8}") = "98. CodeGen", "98. CodeGen", "{6FF3FA39-2F20-4F0F-B945-71FCD4AE7191}"
EndProject
Project("{FAE04EC0-301F-11D3-BF4B-00C04F79EFBC}") = "MessageCodeGen", "..\codegen\MessageCodeGen\MessageCodeGen.csproj", "{6ECB5A71-B13E-4064-9ECA-B00F84FB29D1}"
EndProject
Project("{FAE04EC0-301F-11D3-BF4B-00C04F79EFBC}") = "TestClient", "..\test-client\TestClient\TestClient.csproj", "{8E190BE7-58CB-43F5-A677-756C67FCD248}"
EndProject
Project("{FAE04EC0-301F-11D3-BF4B-00C04F79EFBC}") = "ConsoleClient", "..\test-client\ConsoleClient\ConsoleClient.csproj", "{275B7A73-1DA1-4BE5-BC6E-03D2D02F5E37}"
EndProject
Project("{FAE04EC0-301F-11D3-BF4B-00C04F79EFBC}") = "CodeGenCore", "..\codegen\CodeGenCore\CodeGenCore.csproj", "{3A829780-8CBF-4ACF-92AC-6D2B2FABB0D9}"
EndProject
Project("{FAE04EC0-301F-11D3-BF4B-00C04F79EFBC}") = "WebServer", "WebServer\WebServer.csproj", "{C9FE5355-07FD-479E-B065-78725805778A}"
EndProject
Global
	GlobalSection(SolutionConfigurationPlatforms) = preSolution
		Debug|Any CPU = Debug|Any CPU
		Release|Any CPU = Release|Any CPU
	EndGlobalSection
	GlobalSection(ProjectConfigurationPlatforms) = postSolution
		{8B22AC49-1202-4C88-9785-E5B9FF9FD61A}.Debug|Any CPU.ActiveCfg = Debug|Any CPU
		{8B22AC49-1202-4C88-9785-E5B9FF9FD61A}.Debug|Any CPU.Build.0 = Debug|Any CPU
		{8B22AC49-1202-4C88-9785-E5B9FF9FD61A}.Release|Any CPU.ActiveCfg = Release|Any CPU
		{8B22AC49-1202-4C88-9785-E5B9FF9FD61A}.Release|Any CPU.Build.0 = Release|Any CPU
		{A8D5929A-DFCB-4894-AE87-D602B370ECB2}.Debug|Any CPU.ActiveCfg = Debug|Any CPU
		{A8D5929A-DFCB-4894-AE87-D602B370ECB2}.Debug|Any CPU.Build.0 = Debug|Any CPU
		{A8D5929A-DFCB-4894-AE87-D602B370ECB2}.Release|Any CPU.ActiveCfg = Release|Any CPU
		{A8D5929A-DFCB-4894-AE87-D602B370ECB2}.Release|Any CPU.Build.0 = Release|Any CPU
		{74533031-7942-4E0E-B492-53D378D9574A}.Debug|Any CPU.ActiveCfg = Debug|Any CPU
		{74533031-7942-4E0E-B492-53D378D9574A}.Debug|Any CPU.Build.0 = Debug|Any CPU
		{74533031-7942-4E0E-B492-53D378D9574A}.Release|Any CPU.ActiveCfg = Release|Any CPU
		{74533031-7942-4E0E-B492-53D378D9574A}.Release|Any CPU.Build.0 = Release|Any CPU
		{69504DE8-3DBB-4CB0-AF69-E60DFA85149F}.Debug|Any CPU.ActiveCfg = Debug|Any CPU
		{69504DE8-3DBB-4CB0-AF69-E60DFA85149F}.Debug|Any CPU.Build.0 = Debug|Any CPU
		{69504DE8-3DBB-4CB0-AF69-E60DFA85149F}.Release|Any CPU.ActiveCfg = Release|Any CPU
		{69504DE8-3DBB-4CB0-AF69-E60DFA85149F}.Release|Any CPU.Build.0 = Release|Any CPU
		{6ECB5A71-B13E-4064-9ECA-B00F84FB29D1}.Debug|Any CPU.ActiveCfg = Debug|Any CPU
		{6ECB5A71-B13E-4064-9ECA-B00F84FB29D1}.Debug|Any CPU.Build.0 = Debug|Any CPU
		{6ECB5A71-B13E-4064-9ECA-B00F84FB29D1}.Release|Any CPU.ActiveCfg = Release|Any CPU
		{6ECB5A71-B13E-4064-9ECA-B00F84FB29D1}.Release|Any CPU.Build.0 = Release|Any CPU
		{8E190BE7-58CB-43F5-A677-756C67FCD248}.Debug|Any CPU.ActiveCfg = Debug|Any CPU
		{8E190BE7-58CB-43F5-A677-756C67FCD248}.Debug|Any CPU.Build.0 = Debug|Any CPU
		{8E190BE7-58CB-43F5-A677-756C67FCD248}.Release|Any CPU.ActiveCfg = Release|Any CPU
		{8E190BE7-58CB-43F5-A677-756C67FCD248}.Release|Any CPU.Build.0 = Release|Any CPU
		{275B7A73-1DA1-4BE5-BC6E-03D2D02F5E37}.Debug|Any CPU.ActiveCfg = Debug|Any CPU
		{275B7A73-1DA1-4BE5-BC6E-03D2D02F5E37}.Debug|Any CPU.Build.0 = Debug|Any CPU
		{275B7A73-1DA1-4BE5-BC6E-03D2D02F5E37}.Release|Any CPU.ActiveCfg = Release|Any CPU
		{275B7A73-1DA1-4BE5-BC6E-03D2D02F5E37}.Release|Any CPU.Build.0 = Release|Any CPU
		{3A829780-8CBF-4ACF-92AC-6D2B2FABB0D9}.Debug|Any CPU.ActiveCfg = Debug|Any CPU
		{3A829780-8CBF-4ACF-92AC-6D2B2FABB0D9}.Debug|Any CPU.Build.0 = Debug|Any CPU
		{3A829780-8CBF-4ACF-92AC-6D2B2FABB0D9}.Release|Any CPU.ActiveCfg = Release|Any CPU
		{3A829780-8CBF-4ACF-92AC-6D2B2FABB0D9}.Release|Any CPU.Build.0 = Release|Any CPU
		{C9FE5355-07FD-479E-B065-78725805778A}.Debug|Any CPU.ActiveCfg = Debug|Any CPU
		{C9FE5355-07FD-479E-B065-78725805778A}.Debug|Any CPU.Build.0 = Debug|Any CPU
		{C9FE5355-07FD-479E-B065-78725805778A}.Release|Any CPU.ActiveCfg = Release|Any CPU
		{C9FE5355-07FD-479E-B065-78725805778A}.Release|Any CPU.Build.0 = Release|Any CPU
	EndGlobalSection
	GlobalSection(NestedProjects) = preSolution
		{74533031-7942-4E0E-B492-53D378D9574A} = {8FF5BED0-FFBA-406B-BCAC-3C06159C3333}
		{A8D5929A-DFCB-4894-AE87-D602B370ECB2} = {EF7476D6-E5ED-47DF-8363-F41B9C3E9D18}
		{8B22AC49-1202-4C88-9785-E5B9FF9FD61A} = {EF7476D6-E5ED-47DF-8363-F41B9C3E9D18}
		{69504DE8-3DBB-4CB0-AF69-E60DFA85149F} = {96D4A72A-3FB9-425D-8DCD-FB5DEB628CB7}
		{6ECB5A71-B13E-4064-9ECA-B00F84FB29D1} = {6FF3FA39-2F20-4F0F-B945-71FCD4AE7191}
		{8E190BE7-58CB-43F5-A677-756C67FCD248} = {96D4A72A-3FB9-425D-8DCD-FB5DEB628CB7}
		{275B7A73-1DA1-4BE5-BC6E-03D2D02F5E37} = {96D4A72A-3FB9-425D-8DCD-FB5DEB628CB7}
		{3A829780-8CBF-4ACF-92AC-6D2B2FABB0D9} = {6FF3FA39-2F20-4F0F-B945-71FCD4AE7191}
		{C9FE5355-07FD-479E-B065-78725805778A} = {EF7476D6-E5ED-47DF-8363-F41B9C3E9D18}
	EndGlobalSection
EndGlobal
